{
  "name": "create-valtren-extension",
  "version": "0.1.0",
  "lockfileVersion": 3,
  "requires": true,
  "packages": {
    "": {
      "name": "create-valtren-extension",
      "version": "0.1.0",
      "license": "MIT",
      "bin": {
        "create-valtren-extension": "bin/create-valtren-extension.mjs"
      }
    }
  }
}
